
Microsoft Visual Studio Solution File, Format Version 12.00
# Visual Studio Version 16
VisualStudioVersion = 16.0.30204.135
MinimumVisualStudioVersion = 10.0.40219.1
Project("{FAE04EC0-301F-11D3-BF4B-00C04F79EFBC}") = "HelloConsoleApp", "HelloConsoleApp\HelloConsoleApp.csproj", "{C3EA93FB-EA75-4DF1-968D-5F82ED7ADE0D}"
EndProject
Global
	GlobalSection(SolutionConfigurationPlatforms) = preSolution
		Debug|Any CPU = Debug|Any CPU
		Release|Any CPU = Release|Any CPU
	EndGlobalSection
	GlobalSection(ProjectConfigurationPlatforms) = postSolution
		{C3EA93FB-EA75-4DF1-968D-5F82ED7ADE0D}.Debug|Any CPU.ActiveCfg = Debug|Any CPU
		{C3EA93FB-EA75-4DF1-968D-5F82ED7ADE0D}.Debug|Any CPU.Build.0 = Debug|Any CPU
		{C3EA93FB-EA75-4DF1-968D-5F82ED7ADE0D}.Release|Any CPU.ActiveCfg = Release|Any CPU
		{C3EA93FB-EA75-4DF1-968D-5F82ED7ADE0D}.Release|Any CPU.Build.0 = Release|Any CPU
	EndGlobalSection
	GlobalSection(SolutionProperties) = preSolution
		HideSolutionNode = FALSE
	EndGlobalSection
	GlobalSection(ExtensibilityGlobals) = postSolution
		SolutionGuid = {C0140C9C-E207-4BA3-9934-020E4E802F8D}
	EndGlobalSection
EndGlobal
